
Microsoft Visual Studio Solution File, Format Version 12.00
# Visual Studio Version 17
VisualStudioVersion = 17.0.31919.166
MinimumVisualStudioVersion = 10.0.40219.1
Project("{9A19103F-16F7-4668-BE54-9A1E7A4F7556}") = "API", "API\API.csproj", "{FC33C549-B57C-44DB-9FE0-E219ED5D6E16}"
EndProject
Project("{FAE04EC0-301F-11D3-BF4B-00C04F79EFBC}") = "Core", "Core\Core.csproj", "{374EEB29-FC18-4C13-B7B5-D20717678235}"
EndProject
Project("{FAE04EC0-301F-11D3-BF4B-00C04F79EFBC}") = "Infrastructure", "Infrastructure\Infrastructure.csproj", "{ED73FD18-C4FF-4D40-AC47-1D5717B12546}"
EndProject
Project("{2150E333-8FDC-42A3-9474-1A3956D46DE8}") = "Solution Items", "Solution Items", "{FFC1D85B-3053-4045-ADA1-8A92D38B0092}"
	ProjectSection(SolutionItems) = preProject
		.gitignore = .gitignore
	EndProjectSection
EndProject
Global
	GlobalSection(SolutionConfigurationPlatforms) = preSolution
		Debug|Any CPU = Debug|Any CPU
		Release|Any CPU = Release|Any CPU
	EndGlobalSection
	GlobalSection(ProjectConfigurationPlatforms) = postSolution
		{FC33C549-B57C-44DB-9FE0-E219ED5D6E16}.Debug|Any CPU.ActiveCfg = Debug|Any CPU
		{FC33C549-B57C-44DB-9FE0-E219ED5D6E16}.Debug|Any CPU.Build.0 = Debug|Any CPU
		{FC33C549-B57C-44DB-9FE0-E219ED5D6E16}.Release|Any CPU.ActiveCfg = Release|Any CPU
		{FC33C549-B57C-44DB-9FE0-E219ED5D6E16}.Release|Any CPU.Build.0 = Release|Any CPU
		{374EEB29-FC18-4C13-B7B5-D20717678235}.Debug|Any CPU.ActiveCfg = Debug|Any CPU
		{374EEB29-FC18-4C13-B7B5-D20717678235}.Debug|Any CPU.Build.0 = Debug|Any CPU
		{374EEB29-FC18-4C13-B7B5-D20717678235}.Release|Any CPU.ActiveCfg = Release|Any CPU
		{374EEB29-FC18-4C13-B7B5-D20717678235}.Release|Any CPU.Build.0 = Release|Any CPU
		{ED73FD18-C4FF-4D40-AC47-1D5717B12546}.Debug|Any CPU.ActiveCfg = Debug|Any CPU
		{ED73FD18-C4FF-4D40-AC47-1D5717B12546}.Debug|Any CPU.Build.0 = Debug|Any CPU
		{ED73FD18-C4FF-4D40-AC47-1D5717B12546}.Release|Any CPU.ActiveCfg = Release|Any CPU
		{ED73FD18-C4FF-4D40-AC47-1D5717B12546}.Release|Any CPU.Build.0 = Release|Any CPU
	EndGlobalSection
	GlobalSection(SolutionProperties) = preSolution
		HideSolutionNode = FALSE
	EndGlobalSection
	GlobalSection(ExtensibilityGlobals) = postSolution
		SolutionGuid = {8AF05071-9231-4B0A-9614-C4F00A24E70F}
	EndGlobalSection
EndGlobal
